
Microsoft Visual Studio Solution File, Format Version 12.00
# Visual Studio Version 16
VisualStudioVersion = 16.0.30804.86
MinimumVisualStudioVersion = 10.0.40219.1
Project("{FAE04EC0-301F-11D3-BF4B-00C04F79EFBC}") = "ShuffleStrings", "ShuffleStrings.csproj", "{50858B77-C1A1-43DD-A7BC-90C22E226012}"
EndProject
Global
	GlobalSection(SolutionConfigurationPlatforms) = preSolution
		Debug|Any CPU = Debug|Any CPU
		Release|Any CPU = Release|Any CPU
	EndGlobalSection
	GlobalSection(ProjectConfigurationPlatforms) = postSolution
		{50858B77-C1A1-43DD-A7BC-90C22E226012}.Debug|Any CPU.ActiveCfg = Debug|Any CPU
		{50858B77-C1A1-43DD-A7BC-90C22E226012}.Debug|Any CPU.Build.0 = Debug|Any CPU
		{50858B77-C1A1-43DD-A7BC-90C22E226012}.Release|Any CPU.ActiveCfg = Release|Any CPU
		{50858B77-C1A1-43DD-A7BC-90C22E226012}.Release|Any CPU.Build.0 = Release|Any CPU
	EndGlobalSection
	GlobalSection(SolutionProperties) = preSolution
		HideSolutionNode = FALSE
	EndGlobalSection
	GlobalSection(ExtensibilityGlobals) = postSolution
		SolutionGuid = {2306BB4F-7296-442B-889F-0314B31D9660}
	EndGlobalSection
EndGlobal
